
Microsoft Visual Studio Solution File, Format Version 12.00
# Visual Studio Version 16
VisualStudioVersion = 16.0.29926.136
MinimumVisualStudioVersion = 10.0.40219.1
Project("{FAE04EC0-301F-11D3-BF4B-00C04F79EFBC}") = "PolitiQualityAlpha.Android", "PolitiQualityAlpha\PolitiQualityAlpha.Android\PolitiQualityAlpha.Android.csproj", "{40F10773-232F-417A-B270-043B200D0F15}"
EndProject
Project("{FAE04EC0-301F-11D3-BF4B-00C04F79EFBC}") = "PolitiQualityAlpha.iOS", "PolitiQualityAlpha\PolitiQualityAlpha.iOS\PolitiQualityAlpha.iOS.csproj", "{24DF0A82-B07F-4C04-98CB-060A570411C5}"
EndProject
Project("{9A19103F-16F7-4668-BE54-9A1E7A4F7556}") = "PolitiQualityAlpha", "PolitiQualityAlpha\PolitiQualityAlpha\PolitiQualityAlpha.csproj", "{60439CFC-8DF1-4C39-939C-9B1F20EC5BE7}"
EndProject
Project("{2150E333-8FDC-42A3-9474-1A3956D46DE8}") = "Solution Items", "Solution Items", "{425F8591-8D91-40BE-8D68-5A50C8E2327C}"
	ProjectSection(SolutionItems) = preProject
		.editorconfig = .editorconfig
	EndProjectSection
EndProject
Global
	GlobalSection(SolutionConfigurationPlatforms) = preSolution
		Debug|Any CPU = Debug|Any CPU
		Debug|iPhone = Debug|iPhone
		Debug|iPhoneSimulator = Debug|iPhoneSimulator
		Release|Any CPU = Release|Any CPU
		Release|iPhone = Release|iPhone
		Release|iPhoneSimulator = Release|iPhoneSimulator
	EndGlobalSection
	GlobalSection(ProjectConfigurationPlatforms) = postSolution
		{40F10773-232F-417A-B270-043B200D0F15}.Debug|Any CPU.ActiveCfg = Debug|Any CPU
		{40F10773-232F-417A-B270-043B200D0F15}.Debug|Any CPU.Build.0 = Debug|Any CPU
		{40F10773-232F-417A-B270-043B200D0F15}.Debug|Any CPU.Deploy.0 = Debug|Any CPU
		{40F10773-232F-417A-B270-043B200D0F15}.Debug|iPhone.ActiveCfg = Debug|Any CPU
		{40F10773-232F-417A-B270-043B200D0F15}.Debug|iPhone.Build.0 = Debug|Any CPU
		{40F10773-232F-417A-B270-043B200D0F15}.Debug|iPhone.Deploy.0 = Debug|Any CPU
		{40F10773-232F-417A-B270-043B200D0F15}.Debug|iPhoneSimulator.ActiveCfg = Debug|Any CPU
		{40F10773-232F-417A-B270-043B200D0F15}.Debug|iPhoneSimulator.Build.0 = Debug|Any CPU
		{40F10773-232F-417A-B270-043B200D0F15}.Debug|iPhoneSimulator.Deploy.0 = Debug|Any CPU
		{40F10773-232F-417A-B270-043B200D0F15}.Release|Any CPU.ActiveCfg = Release|Any CPU
		{40F10773-232F-417A-B270-043B200D0F15}.Release|Any CPU.Build.0 = Release|Any CPU
		{40F10773-232F-417A-B270-043B200D0F15}.Release|Any CPU.Deploy.0 = Release|Any CPU
		{40F10773-232F-417A-B270-043B200D0F15}.Release|iPhone.ActiveCfg = Release|Any CPU
		{40F10773-232F-417A-B270-043B200D0F15}.Release|iPhone.Build.0 = Release|Any CPU
		{40F10773-232F-417A-B270-043B200D0F15}.Release|iPhone.Deploy.0 = Release|Any CPU
		{40F10773-232F-417A-B270-043B200D0F15}.Release|iPhoneSimulator.ActiveCfg = Release|Any CPU
		{40F10773-232F-417A-B270-043B200D0F15}.Release|iPhoneSimulator.Build.0 = Release|Any CPU
		{40F10773-232F-417A-B270-043B200D0F15}.Release|iPhoneSimulator.Deploy.0 = Release|Any CPU
		{24DF0A82-B07F-4C04-98CB-060A570411C5}.Debug|Any CPU.ActiveCfg = Debug|iPhone
		{24DF0A82-B07F-4C04-98CB-060A570411C5}.Debug|Any CPU.Build.0 = Debug|iPhone
		{24DF0A82-B07F-4C04-98CB-060A570411C5}.Debug|Any CPU.Deploy.0 = Debug|iPhone
		{24DF0A82-B07F-4C04-98CB-060A570411C5}.Debug|iPhone.ActiveCfg = Debug|iPhone
		{24DF0A82-B07F-4C04-98CB-060A570411C5}.Debug|iPhone.Build.0 = Debug|iPhone
		{24DF0A82-B07F-4C04-98CB-060A570411C5}.Debug|iPhone.Deploy.0 = Debug|iPhone
		{24DF0A82-B07F-4C04-98CB-060A570411C5}.Debug|iPhoneSimulator.ActiveCfg = Debug|iPhoneSimulator
		{24DF0A82-B07F-4C04-98CB-060A570411C5}.Debug|iPhoneSimulator.Build.0 = Debug|iPhoneSimulator
		{24DF0A82-B07F-4C04-98CB-060A570411C5}.Debug|iPhoneSimulator.Deploy.0 = Debug|iPhoneSimulator
		{24DF0A82-B07F-4C04-98CB-060A570411C5}.Release|Any CPU.ActiveCfg = Release|iPhone
		{24DF0A82-B07F-4C04-98CB-060A570411C5}.Release|Any CPU.Build.0 = Release|iPhone
		{24DF0A82-B07F-4C04-98CB-060A570411C5}.Release|Any CPU.Deploy.0 = Release|iPhone
		{24DF0A82-B07F-4C04-98CB-060A570411C5}.Release|iPhone.ActiveCfg = Release|iPhone
		{24DF0A82-B07F-4C04-98CB-060A570411C5}.Release|iPhone.Build.0 = Release|iPhone
		{24DF0A82-B07F-4C04-98CB-060A570411C5}.Release|iPhone.Deploy.0 = Release|iPhone
		{24DF0A82-B07F-4C04-98CB-060A570411C5}.Release|iPhoneSimulator.ActiveCfg = Release|iPhoneSimulator
		{24DF0A82-B07F-4C04-98CB-060A570411C5}.Release|iPhoneSimulator.Build.0 = Release|iPhoneSimulator
		{24DF0A82-B07F-4C04-98CB-060A570411C5}.Release|iPhoneSimulator.Deploy.0 = Release|iPhoneSimulator
		{60439CFC-8DF1-4C39-939C-9B1F20EC5BE7}.Debug|Any CPU.ActiveCfg = Debug|Any CPU
		{60439CFC-8DF1-4C39-939C-9B1F20EC5BE7}.Debug|Any CPU.Build.0 = Debug|Any CPU
		{60439CFC-8DF1-4C39-939C-9B1F20EC5BE7}.Debug|Any CPU.Deploy.0 = Debug|Any CPU
		{60439CFC-8DF1-4C39-939C-9B1F20EC5BE7}.Debug|iPhone.ActiveCfg = Debug|Any CPU
		{60439CFC-8DF1-4C39-939C-9B1F20EC5BE7}.Debug|iPhone.Build.0 = Debug|Any CPU
		{60439CFC-8DF1-4C39-939C-9B1F20EC5BE7}.Debug|iPhone.Deploy.0 = Debug|Any CPU
		{60439CFC-8DF1-4C39-939C-9B1F20EC5BE7}.Debug|iPhoneSimulator.ActiveCfg = Debug|Any CPU
		{60439CFC-8DF1-4C39-939C-9B1F20EC5BE7}.Debug|iPhoneSimulator.Build.0 = Debug|Any CPU
		{60439CFC-8DF1-4C39-939C-9B1F20EC5BE7}.Debug|iPhoneSimulator.Deploy.0 = Debug|Any CPU
		{60439CFC-8DF1-4C39-939C-9B1F20EC5BE7}.Release|Any CPU.ActiveCfg = Release|Any CPU
		{60439CFC-8DF1-4C39-939C-9B1F20EC5BE7}.Release|Any CPU.Build.0 = Release|Any CPU
		{60439CFC-8DF1-4C39-939C-9B1F20EC5BE7}.Release|Any CPU.Deploy.0 = Release|Any CPU
		{60439CFC-8DF1-4C39-939C-9B1F20EC5BE7}.Release|iPhone.ActiveCfg = Release|Any CPU
		{60439CFC-8DF1-4C39-939C-9B1F20EC5BE7}.Release|iPhone.Build.0 = Release|Any CPU
		{60439CFC-8DF1-4C39-939C-9B1F20EC5BE7}.Release|iPhone.Deploy.0 = Release|Any CPU
		{60439CFC-8DF1-4C39-939C-9B1F20EC5BE7}.Release|iPhoneSimulator.ActiveCfg = Release|Any CPU
		{60439CFC-8DF1-4C39-939C-9B1F20EC5BE7}.Release|iPhoneSimulator.Build.0 = Release|Any CPU
		{60439CFC-8DF1-4C39-939C-9B1F20EC5BE7}.Release|iPhoneSimulator.Deploy.0 = Release|Any CPU
	EndGlobalSection
	GlobalSection(SolutionProperties) = preSolution
		HideSolutionNode = FALSE
	EndGlobalSection
	GlobalSection(ExtensibilityGlobals) = postSolution
		SolutionGuid = {4459F9F8-AB51-44FE-A569-03F5900A97C1}
	EndGlobalSection
EndGlobal
